
Microsoft Visual Studio Solution File, Format Version 12.00
# Visual Studio 15
VisualStudioVersion = 15.0.26124.0
MinimumVisualStudioVersion = 15.0.26124.0
Project("{2150E333-8FDC-42A3-9474-1A3956D46DE8}") = "src", "src", "{5A7CCA73-3D28-4B83-8F95-9D849D6CF342}"
EndProject
Project("{FAE04EC0-301F-11D3-BF4B-00C04F79EFBC}") = "TodoList.Persistence", "src\TodoList.Persistence\TodoList.Persistence.csproj", "{10B5607E-B3EC-406F-A03A-EE7069362E96}"
EndProject
Project("{FAE04EC0-301F-11D3-BF4B-00C04F79EFBC}") = "TodoList.Application", "src\TodoList.Application\TodoList.Application.csproj", "{6259971D-5737-4634-8542-8A32697CBCCF}"
EndProject
Project("{FAE04EC0-301F-11D3-BF4B-00C04F79EFBC}") = "TodoList.Domain", "src\TodoList.Domain\TodoList.Domain.csproj", "{07CE5070-8946-40A3-8567-EC56A53B28EA}"
EndProject
Project("{FAE04EC0-301F-11D3-BF4B-00C04F79EFBC}") = "TodoList.WebHost", "src\TodoList.WebHost\TodoList.WebHost.csproj", "{7E71C65E-ED93-418E-B2B8-9914FB066891}"
EndProject
Global
	GlobalSection(SolutionConfigurationPlatforms) = preSolution
		Debug|Any CPU = Debug|Any CPU
		Debug|x64 = Debug|x64
		Debug|x86 = Debug|x86
		Release|Any CPU = Release|Any CPU
		Release|x64 = Release|x64
		Release|x86 = Release|x86
	EndGlobalSection
	GlobalSection(SolutionProperties) = preSolution
		HideSolutionNode = FALSE
	EndGlobalSection
	GlobalSection(ProjectConfigurationPlatforms) = postSolution
		{10B5607E-B3EC-406F-A03A-EE7069362E96}.Debug|Any CPU.ActiveCfg = Debug|Any CPU
		{10B5607E-B3EC-406F-A03A-EE7069362E96}.Debug|Any CPU.Build.0 = Debug|Any CPU
		{10B5607E-B3EC-406F-A03A-EE7069362E96}.Debug|x64.ActiveCfg = Debug|Any CPU
		{10B5607E-B3EC-406F-A03A-EE7069362E96}.Debug|x64.Build.0 = Debug|Any CPU
		{10B5607E-B3EC-406F-A03A-EE7069362E96}.Debug|x86.ActiveCfg = Debug|Any CPU
		{10B5607E-B3EC-406F-A03A-EE7069362E96}.Debug|x86.Build.0 = Debug|Any CPU
		{10B5607E-B3EC-406F-A03A-EE7069362E96}.Release|Any CPU.ActiveCfg = Release|Any CPU
		{10B5607E-B3EC-406F-A03A-EE7069362E96}.Release|Any CPU.Build.0 = Release|Any CPU
		{10B5607E-B3EC-406F-A03A-EE7069362E96}.Release|x64.ActiveCfg = Release|Any CPU
		{10B5607E-B3EC-406F-A03A-EE7069362E96}.Release|x64.Build.0 = Release|Any CPU
		{10B5607E-B3EC-406F-A03A-EE7069362E96}.Release|x86.ActiveCfg = Release|Any CPU
		{10B5607E-B3EC-406F-A03A-EE7069362E96}.Release|x86.Build.0 = Release|Any CPU
		{6259971D-5737-4634-8542-8A32697CBCCF}.Debug|Any CPU.ActiveCfg = Debug|Any CPU
		{6259971D-5737-4634-8542-8A32697CBCCF}.Debug|Any CPU.Build.0 = Debug|Any CPU
		{6259971D-5737-4634-8542-8A32697CBCCF}.Debug|x64.ActiveCfg = Debug|Any CPU
		{6259971D-5737-4634-8542-8A32697CBCCF}.Debug|x64.Build.0 = Debug|Any CPU
		{6259971D-5737-4634-8542-8A32697CBCCF}.Debug|x86.ActiveCfg = Debug|Any CPU
		{6259971D-5737-4634-8542-8A32697CBCCF}.Debug|x86.Build.0 = Debug|Any CPU
		{6259971D-5737-4634-8542-8A32697CBCCF}.Release|Any CPU.ActiveCfg = Release|Any CPU
		{6259971D-5737-4634-8542-8A32697CBCCF}.Release|Any CPU.Build.0 = Release|Any CPU
		{6259971D-5737-4634-8542-8A32697CBCCF}.Release|x64.ActiveCfg = Release|Any CPU
		{6259971D-5737-4634-8542-8A32697CBCCF}.Release|x64.Build.0 = Release|Any CPU
		{6259971D-5737-4634-8542-8A32697CBCCF}.Release|x86.ActiveCfg = Release|Any CPU
		{6259971D-5737-4634-8542-8A32697CBCCF}.Release|x86.Build.0 = Release|Any CPU
		{07CE5070-8946-40A3-8567-EC56A53B28EA}.Debug|Any CPU.ActiveCfg = Debug|Any CPU
		{07CE5070-8946-40A3-8567-EC56A53B28EA}.Debug|Any CPU.Build.0 = Debug|Any CPU
		{07CE5070-8946-40A3-8567-EC56A53B28EA}.Debug|x64.ActiveCfg = Debug|Any CPU
		{07CE5070-8946-40A3-8567-EC56A53B28EA}.Debug|x64.Build.0 = Debug|Any CPU
		{07CE5070-8946-40A3-8567-EC56A53B28EA}.Debug|x86.ActiveCfg = Debug|Any CPU
		{07CE5070-8946-40A3-8567-EC56A53B28EA}.Debug|x86.Build.0 = Debug|Any CPU
		{07CE5070-8946-40A3-8567-EC56A53B28EA}.Release|Any CPU.ActiveCfg = Release|Any CPU
		{07CE5070-8946-40A3-8567-EC56A53B28EA}.Release|Any CPU.Build.0 = Release|Any CPU
		{07CE5070-8946-40A3-8567-EC56A53B28EA}.Release|x64.ActiveCfg = Release|Any CPU
		{07CE5070-8946-40A3-8567-EC56A53B28EA}.Release|x64.Build.0 = Release|Any CPU
		{07CE5070-8946-40A3-8567-EC56A53B28EA}.Release|x86.ActiveCfg = Release|Any CPU
		{07CE5070-8946-40A3-8567-EC56A53B28EA}.Release|x86.Build.0 = Release|Any CPU
		{7E71C65E-ED93-418E-B2B8-9914FB066891}.Debug|Any CPU.ActiveCfg = Debug|Any CPU
		{7E71C65E-ED93-418E-B2B8-9914FB066891}.Debug|Any CPU.Build.0 = Debug|Any CPU
		{7E71C65E-ED93-418E-B2B8-9914FB066891}.Debug|x64.ActiveCfg = Debug|Any CPU
		{7E71C65E-ED93-418E-B2B8-9914FB066891}.Debug|x64.Build.0 = Debug|Any CPU
		{7E71C65E-ED93-418E-B2B8-9914FB066891}.Debug|x86.ActiveCfg = Debug|Any CPU
		{7E71C65E-ED93-418E-B2B8-9914FB066891}.Debug|x86.Build.0 = Debug|Any CPU
		{7E71C65E-ED93-418E-B2B8-9914FB066891}.Release|Any CPU.ActiveCfg = Release|Any CPU
		{7E71C65E-ED93-418E-B2B8-9914FB066891}.Release|Any CPU.Build.0 = Release|Any CPU
		{7E71C65E-ED93-418E-B2B8-9914FB066891}.Release|x64.ActiveCfg = Release|Any CPU
		{7E71C65E-ED93-418E-B2B8-9914FB066891}.Release|x64.Build.0 = Release|Any CPU
		{7E71C65E-ED93-418E-B2B8-9914FB066891}.Release|x86.ActiveCfg = Release|Any CPU
		{7E71C65E-ED93-418E-B2B8-9914FB066891}.Release|x86.Build.0 = Release|Any CPU
	EndGlobalSection
	GlobalSection(NestedProjects) = preSolution
		{10B5607E-B3EC-406F-A03A-EE7069362E96} = {5A7CCA73-3D28-4B83-8F95-9D849D6CF342}
		{6259971D-5737-4634-8542-8A32697CBCCF} = {5A7CCA73-3D28-4B83-8F95-9D849D6CF342}
		{07CE5070-8946-40A3-8567-EC56A53B28EA} = {5A7CCA73-3D28-4B83-8F95-9D849D6CF342}
		{7E71C65E-ED93-418E-B2B8-9914FB066891} = {5A7CCA73-3D28-4B83-8F95-9D849D6CF342}
	EndGlobalSection
EndGlobal
